
Microsoft Visual Studio Solution File, Format Version 12.00
Project("{FAE04EC0-301F-11D3-BF4B-00C04F79EFBC}") = "focus.api", "focus.api\focus.api.csproj", "{3B56CF28-09A1-4DA6-8D1F-C2E2A10269C8}"
EndProject
Project("{2150E333-8FDC-42A3-9474-1A3956D46DE8}") = "src", "src", "{827E0CD3-B72D-47B6-A68D-7590B98EB39B}"
EndProject
Project("{FAE04EC0-301F-11D3-BF4B-00C04F79EFBC}") = "Focus.Domain", "src\Focus.Domain\Focus.Domain.csproj", "{EB434BFC-1287-4B9B-AE10-749EC58AC22D}"
EndProject
Project("{FAE04EC0-301F-11D3-BF4B-00C04F79EFBC}") = "Focus.Application", "src\Focus.Application\Focus.Application.csproj", "{41874F9D-F0E2-4ECA-8213-14B5211934FB}"
EndProject
Project("{FAE04EC0-301F-11D3-BF4B-00C04F79EFBC}") = "Focus.Infrastructure", "src\Focus.Infrastructure\Focus.Infrastructure.csproj", "{310B1AD9-0B42-4181-B57D-E9800BDBC229}"
EndProject
Project("{FAE04EC0-301F-11D3-BF4B-00C04F79EFBC}") = "Focus.Database", "src\Focus.Database\Focus.Database.csproj", "{F2CA9B89-3E06-49F8-8F54-2DC9F82CC681}"
EndProject
Global
	GlobalSection(SolutionConfigurationPlatforms) = preSolution
		Debug|Any CPU = Debug|Any CPU
		Debug|x64 = Debug|x64
		Debug|x86 = Debug|x86
		Release|Any CPU = Release|Any CPU
		Release|x64 = Release|x64
		Release|x86 = Release|x86
	EndGlobalSection
	GlobalSection(ProjectConfigurationPlatforms) = postSolution
		{3B56CF28-09A1-4DA6-8D1F-C2E2A10269C8}.Debug|Any CPU.ActiveCfg = Debug|Any CPU
		{3B56CF28-09A1-4DA6-8D1F-C2E2A10269C8}.Debug|Any CPU.Build.0 = Debug|Any CPU
		{3B56CF28-09A1-4DA6-8D1F-C2E2A10269C8}.Debug|x64.ActiveCfg = Debug|Any CPU
		{3B56CF28-09A1-4DA6-8D1F-C2E2A10269C8}.Debug|x64.Build.0 = Debug|Any CPU
		{3B56CF28-09A1-4DA6-8D1F-C2E2A10269C8}.Debug|x86.ActiveCfg = Debug|Any CPU
		{3B56CF28-09A1-4DA6-8D1F-C2E2A10269C8}.Debug|x86.Build.0 = Debug|Any CPU
		{3B56CF28-09A1-4DA6-8D1F-C2E2A10269C8}.Release|Any CPU.ActiveCfg = Release|Any CPU
		{3B56CF28-09A1-4DA6-8D1F-C2E2A10269C8}.Release|Any CPU.Build.0 = Release|Any CPU
		{3B56CF28-09A1-4DA6-8D1F-C2E2A10269C8}.Release|x64.ActiveCfg = Release|Any CPU
		{3B56CF28-09A1-4DA6-8D1F-C2E2A10269C8}.Release|x64.Build.0 = Release|Any CPU
		{3B56CF28-09A1-4DA6-8D1F-C2E2A10269C8}.Release|x86.ActiveCfg = Release|Any CPU
		{3B56CF28-09A1-4DA6-8D1F-C2E2A10269C8}.Release|x86.Build.0 = Release|Any CPU
		{EB434BFC-1287-4B9B-AE10-749EC58AC22D}.Debug|Any CPU.ActiveCfg = Debug|Any CPU
		{EB434BFC-1287-4B9B-AE10-749EC58AC22D}.Debug|Any CPU.Build.0 = Debug|Any CPU
		{EB434BFC-1287-4B9B-AE10-749EC58AC22D}.Debug|x64.ActiveCfg = Debug|Any CPU
		{EB434BFC-1287-4B9B-AE10-749EC58AC22D}.Debug|x64.Build.0 = Debug|Any CPU
		{EB434BFC-1287-4B9B-AE10-749EC58AC22D}.Debug|x86.ActiveCfg = Debug|Any CPU
		{EB434BFC-1287-4B9B-AE10-749EC58AC22D}.Debug|x86.Build.0 = Debug|Any CPU
		{EB434BFC-1287-4B9B-AE10-749EC58AC22D}.Release|Any CPU.ActiveCfg = Release|Any CPU
		{EB434BFC-1287-4B9B-AE10-749EC58AC22D}.Release|Any CPU.Build.0 = Release|Any CPU
		{EB434BFC-1287-4B9B-AE10-749EC58AC22D}.Release|x64.ActiveCfg = Release|Any CPU
		{EB434BFC-1287-4B9B-AE10-749EC58AC22D}.Release|x64.Build.0 = Release|Any CPU
		{EB434BFC-1287-4B9B-AE10-749EC58AC22D}.Release|x86.ActiveCfg = Release|Any CPU
		{EB434BFC-1287-4B9B-AE10-749EC58AC22D}.Release|x86.Build.0 = Release|Any CPU
		{41874F9D-F0E2-4ECA-8213-14B5211934FB}.Debug|Any CPU.ActiveCfg = Debug|Any CPU
		{41874F9D-F0E2-4ECA-8213-14B5211934FB}.Debug|Any CPU.Build.0 = Debug|Any CPU
		{41874F9D-F0E2-4ECA-8213-14B5211934FB}.Debug|x64.ActiveCfg = Debug|Any CPU
		{41874F9D-F0E2-4ECA-8213-14B5211934FB}.Debug|x64.Build.0 = Debug|Any CPU
		{41874F9D-F0E2-4ECA-8213-14B5211934FB}.Debug|x86.ActiveCfg = Debug|Any CPU
		{41874F9D-F0E2-4ECA-8213-14B5211934FB}.Debug|x86.Build.0 = Debug|Any CPU
		{41874F9D-F0E2-4ECA-8213-14B5211934FB}.Release|Any CPU.ActiveCfg = Release|Any CPU
		{41874F9D-F0E2-4ECA-8213-14B5211934FB}.Release|Any CPU.Build.0 = Release|Any CPU
		{41874F9D-F0E2-4ECA-8213-14B5211934FB}.Release|x64.ActiveCfg = Release|Any CPU
		{41874F9D-F0E2-4ECA-8213-14B5211934FB}.Release|x64.Build.0 = Release|Any CPU
		{41874F9D-F0E2-4ECA-8213-14B5211934FB}.Release|x86.ActiveCfg = Release|Any CPU
		{41874F9D-F0E2-4ECA-8213-14B5211934FB}.Release|x86.Build.0 = Release|Any CPU
		{310B1AD9-0B42-4181-B57D-E9800BDBC229}.Debug|Any CPU.ActiveCfg = Debug|Any CPU
		{310B1AD9-0B42-4181-B57D-E9800BDBC229}.Debug|Any CPU.Build.0 = Debug|Any CPU
		{310B1AD9-0B42-4181-B57D-E9800BDBC229}.Debug|x64.ActiveCfg = Debug|Any CPU
		{310B1AD9-0B42-4181-B57D-E9800BDBC229}.Debug|x64.Build.0 = Debug|Any CPU
		{310B1AD9-0B42-4181-B57D-E9800BDBC229}.Debug|x86.ActiveCfg = Debug|Any CPU
		{310B1AD9-0B42-4181-B57D-E9800BDBC229}.Debug|x86.Build.0 = Debug|Any CPU
		{310B1AD9-0B42-4181-B57D-E9800BDBC229}.Release|Any CPU.ActiveCfg = Release|Any CPU
		{310B1AD9-0B42-4181-B57D-E9800BDBC229}.Release|Any CPU.Build.0 = Release|Any CPU
		{310B1AD9-0B42-4181-B57D-E9800BDBC229}.Release|x64.ActiveCfg = Release|Any CPU
		{310B1AD9-0B42-4181-B57D-E9800BDBC229}.Release|x64.Build.0 = Release|Any CPU
		{310B1AD9-0B42-4181-B57D-E9800BDBC229}.Release|x86.ActiveCfg = Release|Any CPU
		{310B1AD9-0B42-4181-B57D-E9800BDBC229}.Release|x86.Build.0 = Release|Any CPU
		{F2CA9B89-3E06-49F8-8F54-2DC9F82CC681}.Debug|Any CPU.ActiveCfg = Debug|Any CPU
		{F2CA9B89-3E06-49F8-8F54-2DC9F82CC681}.Debug|Any CPU.Build.0 = Debug|Any CPU
		{F2CA9B89-3E06-49F8-8F54-2DC9F82CC681}.Debug|x64.ActiveCfg = Debug|Any CPU
		{F2CA9B89-3E06-49F8-8F54-2DC9F82CC681}.Debug|x64.Build.0 = Debug|Any CPU
		{F2CA9B89-3E06-49F8-8F54-2DC9F82CC681}.Debug|x86.ActiveCfg = Debug|Any CPU
		{F2CA9B89-3E06-49F8-8F54-2DC9F82CC681}.Debug|x86.Build.0 = Debug|Any CPU
		{F2CA9B89-3E06-49F8-8F54-2DC9F82CC681}.Release|Any CPU.ActiveCfg = Release|Any CPU
		{F2CA9B89-3E06-49F8-8F54-2DC9F82CC681}.Release|Any CPU.Build.0 = Release|Any CPU
		{F2CA9B89-3E06-49F8-8F54-2DC9F82CC681}.Release|x64.ActiveCfg = Release|Any CPU
		{F2CA9B89-3E06-49F8-8F54-2DC9F82CC681}.Release|x64.Build.0 = Release|Any CPU
		{F2CA9B89-3E06-49F8-8F54-2DC9F82CC681}.Release|x86.ActiveCfg = Release|Any CPU
		{F2CA9B89-3E06-49F8-8F54-2DC9F82CC681}.Release|x86.Build.0 = Release|Any CPU
	EndGlobalSection
	GlobalSection(SolutionProperties) = preSolution
		HideSolutionNode = FALSE
	EndGlobalSection
	GlobalSection(NestedProjects) = preSolution
		{EB434BFC-1287-4B9B-AE10-749EC58AC22D} = {827E0CD3-B72D-47B6-A68D-7590B98EB39B}
		{41874F9D-F0E2-4ECA-8213-14B5211934FB} = {827E0CD3-B72D-47B6-A68D-7590B98EB39B}
		{310B1AD9-0B42-4181-B57D-E9800BDBC229} = {827E0CD3-B72D-47B6-A68D-7590B98EB39B}
		{F2CA9B89-3E06-49F8-8F54-2DC9F82CC681} = {827E0CD3-B72D-47B6-A68D-7590B98EB39B}
	EndGlobalSection
EndGlobal
